// !$*UTF8*$!
{
	archiveVersion = 1;
	classes = {
	};
	objectVersion = 55;
	objects = {

/* Begin PBXBuildFile section */
		96EDFAA4292F60060032C19D /* AppDelegate.swift in Sources */ = {isa = PBXBuildFile; fileRef = 96EDFAA3292F60060032C19D /* AppDelegate.swift */; };
		96EDFAA6292F60060032C19D /* SceneDelegate.swift in Sources */ = {isa = PBXBuildFile; fileRef = 96EDFAA5292F60060032C19D /* SceneDelegate.swift */; };
		96EDFAA8292F60060032C19D /* ViewController.swift in Sources */ = {isa = PBXBuildFile; fileRef = 96EDFAA7292F60060032C19D /* ViewController.swift */; };
		96EDFAAB292F60060032C19D /* Main.storyboard in Resources */ = {isa = PBXBuildFile; fileRef = 96EDFAA9292F60060032C19D /* Main.storyboard */; };
		96EDFAAE292F60060032C19D /* CoreDataSample.xcdatamodeld in Sources */ = {isa = PBXBuildFile; fileRef = 96EDFAAC292F60060032C19D /* CoreDataSample.xcdatamodeld */; };
		96EDFAB0292F60080032C19D /* Assets.xcassets in Resources */ = {isa = PBXBuildFile; fileRef = 96EDFAAF292F60080032C19D /* Assets.xcassets */; };
		96EDFAB3292F60080032C19D /* LaunchScreen.storyboard in Resources */ = {isa = PBXBuildFile; fileRef = 96EDFAB1292F60080032C19D /* LaunchScreen.storyboard */; };
		96EDFABE292F60090032C19D /* CoreDataSampleTests.swift in Sources */ = {isa = PBXBuildFile; fileRef = 96EDFABD292F60090032C19D /* CoreDataSampleTests.swift */; };
		96EDFAC8292F60090032C19D /* CoreDataSampleUITests.swift in Sources */ = {isa = PBXBuildFile; fileRef = 96EDFAC7292F60090032C19D /* CoreDataSampleUITests.swift */; };
		96EDFACA292F60090032C19D /* CoreDataSampleUITestsLaunchTests.swift in Sources */ = {isa = PBXBuildFile; fileRef = 96EDFAC9292F60090032C19D /* CoreDataSampleUITestsLaunchTests.swift */; };
/* End PBXBuildFile section */

/* Begin PBXContainerItemProxy section */
		96EDFABA292F60090032C19D /* PBXContainerItemProxy */ = {
			isa = PBXContainerItemProxy;
			containerPortal = 96EDFA98292F60060032C19D /* Project object */;
			proxyType = 1;
			remoteGlobalIDString = 96EDFA9F292F60060032C19D;
			remoteInfo = CoreDataSample;
		};
		96EDFAC4292F60090032C19D /* PBXContainerItemProxy */ = {
			isa = PBXContainerItemProxy;
			containerPortal = 96EDFA98292F60060032C19D /* Project object */;
			proxyType = 1;
			remoteGlobalIDString = 96EDFA9F292F60060032C19D;
			remoteInfo = CoreDataSample;
		};
/* End PBXContainerItemProxy section */

/* Begin PBXFileReference section */
		96EDFAA0292F60060032C19D /* CoreDataSample.app */ = {isa = PBXFileReference; explicitFileType = wrapper.application; includeInIndex = 0; path = CoreDataSample.app; sourceTree = BUILT_PRODUCTS_DIR; };
		96EDFAA3292F60060032C19D /* AppDelegate.swift */ = {isa = PBXFileReference; lastKnownFileType = sourcecode.swift; path = AppDelegate.swift; sourceTree = "<group>"; };
		96EDFAA5292F60060032C19D /* SceneDelegate.swift */ = {isa = PBXFileReference; lastKnownFileType = sourcecode.swift; path = SceneDelegate.swift; sourceTree = "<group>"; };
		96EDFAA7292F60060032C19D /* ViewController.swift */ = {isa = PBXFileReference; lastKnownFileType = sourcecode.swift; path = ViewController.swift; sourceTree = "<group>"; };
		96EDFAAA292F60060032C19D /* Base */ = {isa = PBXFileReference; lastKnownFileType = file.storyboard; name = Base; path = Base.lproj/Main.storyboard; sourceTree = "<group>"; };
		96EDFAAD292F60060032C19D /* CoreDataSample.xcdatamodel */ = {isa = PBXFileReference; lastKnownFileType = wrapper.xcdatamodel; path = CoreDataSample.xcdatamodel; sourceTree = "<group>"; };
		96EDFAAF292F60080032C19D /* Assets.xcassets */ = {isa = PBXFileReference; lastKnownFileType = folder.assetcatalog; path = Assets.xcassets; sourceTree = "<group>"; };
		96EDFAB2292F60080032C19D /* Base */ = {isa = PBXFileReference; lastKnownFileType = file.storyboard; name = Base; path = Base.lproj/LaunchScreen.storyboard; sourceTree = "<group>"; };
		96EDFAB4292F60080032C19D /* Info.plist */ = {isa = PBXFileReference; lastKnownFileType = text.plist.xml; path = Info.plist; sourceTree = "<group>"; };
		96EDFAB9292F60090032C19D /* CoreDataSampleTests.xctest */ = {isa = PBXFileReference; explicitFileType = wrapper.cfbundle; includeInIndex = 0; path = CoreDataSampleTests.xctest; sourceTree = BUILT_PRODUCTS_DIR; };
		96EDFABD292F60090032C19D /* CoreDataSampleTests.swift */ = {isa = PBXFileReference; lastKnownFileType = sourcecode.swift; path = CoreDataSampleTests.swift; sourceTree = "<group>"; };
		96EDFAC3292F60090032C19D /* CoreDataSampleUITests.xctest */ = {isa = PBXFileReference; explicitFileType = wrapper.cfbundle; includeInIndex = 0; path = CoreDataSampleUITests.xctest; sourceTree = BUILT_PRODUCTS_DIR; };
		96EDFAC7292F60090032C19D /* CoreDataSampleUITests.swift */ = {isa = PBXFileReference; lastKnownFileType = sourcecode.swift; path = CoreDataSampleUITests.swift; sourceTree = "<group>"; };
		96EDFAC9292F60090032C19D /* CoreDataSampleUITestsLaunchTests.swift */ = {isa = PBXFileReference; lastKnownFileType = sourcecode.swift; path = CoreDataSampleUITestsLaunchTests.swift; sourceTree = "<group>"; };
/* End PBXFileReference section */

/* Begin PBXFrameworksBuildPhase section */
		96EDFA9D292F60060032C19D /* Frameworks */ = {
			isa = PBXFrameworksBuildPhase;
			buildActionMask = 2147483647;
			files = (
			);
			runOnlyForDeploymentPostprocessing = 0;
		};
		96EDFAB6292F60090032C19D /* Frameworks */ = {
			isa = PBXFrameworksBuildPhase;
			buildActionMask = 2147483647;
			files = (
			);
			runOnlyForDeploymentPostprocessing = 0;
		};
		96EDFAC0292F60090032C19D /* Frameworks */ = {
			isa = PBXFrameworksBuildPhase;
			buildActionMask = 2147483647;
			files = (
			);
			runOnlyForDeploymentPostprocessing = 0;
		};
/* End PBXFrameworksBuildPhase section */

/* Begin PBXGroup section */
		96EDFA97292F60060032C19D = {
			isa = PBXGroup;
			children = (
				96EDFAA2292F60060032C19D /* CoreDataSample */,
				96EDFABC292F60090032C19D /* CoreDataSampleTests */,
				96EDFAC6292F60090032C19D /* CoreDataSampleUITests */,
				96EDFAA1292F60060032C19D /* Products */,
			);
			sourceTree = "<group>";
		};
		96EDFAA1292F60060032C19D /* Products */ = {
			isa = PBXGroup;
			children = (
				96EDFAA0292F60060032C19D /* CoreDataSample.app */,
				96EDFAB9292F60090032C19D /* CoreDataSampleTests.xctest */,
				96EDFAC3292F60090032C19D /* CoreDataSampleUITests.xctest */,
			);
			name = Products;
			sourceTree = "<group>";
		};
		96EDFAA2292F60060032C19D /* CoreDataSample */ = {
			isa = PBXGroup;
			children = (
				96EDFAA3292F60060032C19D /* AppDelegate.swift */,
				96EDFAA5292F60060032C19D /* SceneDelegate.swift */,
				96EDFAA7292F60060032C19D /* ViewController.swift */,
				96EDFAA9292F60060032C19D /* Main.storyboard */,
				96EDFAAF292F60080032C19D /* Assets.xcassets */,
				96EDFAB1292F60080032C19D /* LaunchScreen.storyboard */,
				96EDFAB4292F60080032C19D /* Info.plist */,
				96EDFAAC292F60060032C19D /* CoreDataSample.xcdatamodeld */,
			);
			path = CoreDataSample;
			sourceTree = "<group>";
		};
		96EDFABC292F60090032C19D /* CoreDataSampleTests */ = {
			isa = PBXGroup;
			children = (
				96EDFABD292F60090032C19D /* CoreDataSampleTests.swift */,
			);
			path = CoreDataSampleTests;
			sourceTree = "<group>";
		};
		96EDFAC6292F60090032C19D /* CoreDataSampleUITests */ = {
			isa = PBXGroup;
			children = (
				96EDFAC7292F60090032C19D /* CoreDataSampleUITests.swift */,
				96EDFAC9292F60090032C19D /* CoreDataSampleUITestsLaunchTests.swift */,
			);
			path = CoreDataSampleUITests;
			sourceTree = "<group>";
		};
/* End PBXGroup section */

/* Begin PBXNativeTarget section */
		96EDFA9F292F60060032C19D /* CoreDataSample */ = {
			isa = PBXNativeTarget;
			buildConfigurationList = 96EDFACD292F60090032C19D /* Build configuration list for PBXNativeTarget "CoreDataSample" */;
			buildPhases = (
				96EDFA9C292F60060032C19D /* Sources */,
				96EDFA9D292F60060032C19D /* Frameworks */,
				96EDFA9E292F60060032C19D /* Resources */,
			);
			buildRules = (
			);
			dependencies = (
			);
			name = CoreDataSample;
			productName = CoreDataSample;
			productReference = 96EDFAA0292F60060032C19D /* CoreDataSample.app */;
			productType = "com.apple.product-type.application";
		};
		96EDFAB8292F60090032C19D /* CoreDataSampleTests */ = {
			isa = PBXNativeTarget;
			buildConfigurationList = 96EDFAD0292F60090032C19D /* Build configuration list for PBXNativeTarget "CoreDataSampleTests" */;
			buildPhases = (
				96EDFAB5292F60090032C19D /* Sources */,
				96EDFAB6292F60090032C19D /* Frameworks */,
				96EDFAB7292F60090032C19D /* Resources */,
			);
			buildRules = (
			);
			dependencies = (
				96EDFABB292F60090032C19D /* PBXTargetDependency */,
			);
			name = CoreDataSampleTests;
			productName = CoreDataSampleTests;
			productReference = 96EDFAB9292F60090032C19D /* CoreDataSampleTests.xctest */;
			productType = "com.apple.product-type.bundle.unit-test";
		};
		96EDFAC2292F60090032C19D /* CoreDataSampleUITests */ = {
			isa = PBXNativeTarget;
			buildConfigurationList = 96EDFAD3292F60090032C19D /* Build configuration list for PBXNativeTarget "CoreDataSampleUITests" */;
			buildPhases = (
				96EDFABF292F60090032C19D /* Sources */,
				96EDFAC0292F60090032C19D /* Frameworks */,
				96EDFAC1292F60090032C19D /* Resources */,
			);
			buildRules = (
			);
			dependencies = (
				96EDFAC5292F60090032C19D /* PBXTargetDependency */,
			);
			name = CoreDataSampleUITests;
			productName = CoreDataSampleUITests;
			productReference = 96EDFAC3292F60090032C19D /* CoreDataSampleUITests.xctest */;
			productType = "com.apple.product-type.bundle.ui-testing";
		};
/* End PBXNativeTarget section */

/* Begin PBXProject section */
		96EDFA98292F60060032C19D /* Project object */ = {
			isa = PBXProject;
			attributes = {
				BuildIndependentTargetsInParallel = 1;
				LastSwiftUpdateCheck = 1340;
				LastUpgradeCheck = 1340;
				TargetAttributes = {
					96EDFA9F292F60060032C19D = {
						CreatedOnToolsVersion = 13.4.1;
					};
					96EDFAB8292F60090032C19D = {
						CreatedOnToolsVersion = 13.4.1;
						TestTargetID = 96EDFA9F292F60060032C19D;
					};
					96EDFAC2292F60090032C19D = {
						CreatedOnToolsVersion = 13.4.1;
						TestTargetID = 96EDFA9F292F60060032C19D;
					};
				};
			};
			buildConfigurationList = 96EDFA9B292F60060032C19D /* Build configuration list for PBXProject "CoreDataSample" */;
			compatibilityVersion = "Xcode 13.0";
			developmentRegion = en;
			hasScannedForEncodings = 0;
			knownRegions = (
				en,
				Base,
			);
			mainGroup = 96EDFA97292F60060032C19D;
			productRefGroup = 96EDFAA1292F60060032C19D /* Products */;
			projectDirPath = "";
			projectRoot = "";
			targets = (
				96EDFA9F292F60060032C19D /* CoreDataSample */,
				96EDFAB8292F60090032C19D /* CoreDataSampleTests */,
				96EDFAC2292F60090032C19D /* CoreDataSampleUITests */,
			);
		};
/* End PBXProject section */

/* Begin PBXResourcesBuildPhase section */
		96EDFA9E292F60060032C19D /* Resources */ = {
			isa = PBXResourcesBuildPhase;
			buildActionMask = 2147483647;
			files = (
				96EDFAB3292F60080032C19D /* LaunchScreen.storyboard in Resources */,
				96EDFAB0292F60080032C19D /* Assets.xcassets in Resources */,
				96EDFAAB292F60060032C19D /* Main.storyboard in Resources */,
			);
			runOnlyForDeploymentPostprocessing = 0;
		};
		96EDFAB7292F60090032C19D /* Resources */ = {
			isa = PBXResourcesBuildPhase;
			buildActionMask = 2147483647;
			files = (
			);
			runOnlyForDeploymentPostprocessing = 0;
		};
		96EDFAC1292F60090032C19D /* Resources */ = {
			isa = PBXResourcesBuildPhase;
			buildActionMask = 2147483647;
			files = (
			);
			runOnlyForDeploymentPostprocessing = 0;
		};
/* End PBXResourcesBuildPhase section */

/* Begin PBXSourcesBuildPhase section */
		96EDFA9C292F60060032C19D /* Sources */ = {
			isa = PBXSourcesBuildPhase;
			buildActionMask = 2147483647;
			files = (
				96EDFAAE292F60060032C19D /* CoreDataSample.xcdatamodeld in Sources */,
				96EDFAA8292F60060032C19D /* ViewController.swift in Sources */,
				96EDFAA4292F60060032C19D /* AppDelegate.swift in Sources */,
				96EDFAA6292F60060032C19D /* SceneDelegate.swift in Sources */,
			);
			runOnlyForDeploymentPostprocessing = 0;
		};
		96EDFAB5292F60090032C19D /* Sources */ = {
			isa = PBXSourcesBuildPhase;
			buildActionMask = 2147483647;
			files = (
				96EDFABE292F60090032C19D /* CoreDataSampleTests.swift in Sources */,
			);
			runOnlyForDeploymentPostprocessing = 0;
		};
		96EDFABF292F60090032C19D /* Sources */ = {
			isa = PBXSourcesBuildPhase;
			buildActionMask = 2147483647;
			files = (
				96EDFAC8292F60090032C19D /* CoreDataSampleUITests.swift in Sources */,
				96EDFACA292F60090032C19D /* CoreDataSampleUITestsLaunchTests.swift in Sources */,
			);
			runOnlyForDeploymentPostprocessing = 0;
		};
/* End PBXSourcesBuildPhase section */

/* Begin PBXTargetDependency section */
		96EDFABB292F60090032C19D /* PBXTargetDependency */ = {
			isa = PBXTargetDependency;
			target = 96EDFA9F292F60060032C19D /* CoreDataSample */;
			targetProxy = 96EDFABA292F60090032C19D /* PBXContainerItemProxy */;
		};
		96EDFAC5292F60090032C19D /* PBXTargetDependency */ = {
			isa = PBXTargetDependency;
			target = 96EDFA9F292F60060032C19D /* CoreDataSample */;
			targetProxy = 96EDFAC4292F60090032C19D /* PBXContainerItemProxy */;
		};
/* End PBXTargetDependency section */

/* Begin PBXVariantGroup section */
		96EDFAA9292F60060032C19D /* Main.storyboard */ = {
			isa = PBXVariantGroup;
			children = (
				96EDFAAA292F60060032C19D /* Base */,
			);
			name = Main.storyboard;
			sourceTree = "<group>";
		};
		96EDFAB1292F60080032C19D /* LaunchScreen.storyboard */ = {
			isa = PBXVariantGroup;
			children = (
				96EDFAB2292F60080032C19D /* Base */,
			);
			name = LaunchScreen.storyboard;
			sourceTree = "<group>";
		};
/* End PBXVariantGroup section */

/* Begin XCBuildConfiguration section */
		96EDFACB292F60090032C19D /* Debug */ = {
			isa = XCBuildConfiguration;
			buildSettings = {
				ALWAYS_SEARCH_USER_PATHS = NO;
				CLANG_ANALYZER_NONNULL = YES;
				CLANG_ANALYZER_NUMBER_OBJECT_CONVERSION = YES_AGGRESSIVE;
				CLANG_CXX_LANGUAGE_STANDARD = "gnu++17";
				CLANG_ENABLE_MODULES = YES;
				CLANG_ENABLE_OBJC_ARC = YES;
				CLANG_ENABLE_OBJC_WEAK = YES;
				CLANG_WARN_BLOCK_CAPTURE_AUTORELEASING = YES;
				CLANG_WARN_BOOL_CONVERSION = YES;
				CLANG_WARN_COMMA = YES;
				CLANG_WARN_CONSTANT_CONVERSION = YES;
				CLANG_WARN_DEPRECATED_OBJC_IMPLEMENTATIONS = YES;
				CLANG_WARN_DIRECT_OBJC_ISA_USAGE = YES_ERROR;
				CLANG_WARN_DOCUMENTATION_COMMENTS = YES;
				CLANG_WARN_EMPTY_BODY = YES;
				CLANG_WARN_ENUM_CONVERSION = YES;
				CLANG_WARN_INFINITE_RECURSION = YES;
				CLANG_WARN_INT_CONVERSION = YES;
				CLANG_WARN_NON_LITERAL_NULL_CONVERSION = YES;
				CLANG_WARN_OBJC_IMPLICIT_RETAIN_SELF = YES;
				CLANG_WARN_OBJC_LITERAL_CONVERSION = YES;
				CLANG_WARN_OBJC_ROOT_CLASS = YES_ERROR;
				CLANG_WARN_QUOTED_INCLUDE_IN_FRAMEWORK_HEADER = YES;
				CLANG_WARN_RANGE_LOOP_ANALYSIS = YES;
				CLANG_WARN_STRICT_PROTOTYPES = YES;
				CLANG_WARN_SUSPICIOUS_MOVE = YES;
				CLANG_WARN_UNGUARDED_AVAILABILITY = YES_AGGRESSIVE;
				CLANG_WARN_UNREACHABLE_CODE = YES;
				CLANG_WARN__DUPLICATE_METHOD_MATCH = YES;
				COPY_PHASE_STRIP = NO;
				DEBUG_INFORMATION_FORMAT = dwarf;
				ENABLE_STRICT_OBJC_MSGSEND = YES;
				ENABLE_TESTABILITY = YES;
				GCC_C_LANGUAGE_STANDARD = gnu11;
				GCC_DYNAMIC_NO_PIC = NO;
				GCC_NO_COMMON_BLOCKS = YES;
				GCC_OPTIMIZATION_LEVEL = 0;
				GCC_PREPROCESSOR_DEFINITIONS = (
					"DEBUG=1",
					"$(inherited)",
				);
				GCC_WARN_64_TO_32_BIT_CONVERSION = YES;
				GCC_WARN_ABOUT_RETURN_TYPE = YES_ERROR;
				GCC_WARN_UNDECLARED_SELECTOR = YES;
				GCC_WARN_UNINITIALIZED_AUTOS = YES_AGGRESSIVE;
				GCC_WARN_UNUSED_FUNCTION = YES;
				GCC_WARN_UNUSED_VARIABLE = YES;
				IPHONEOS_DEPLOYMENT_TARGET = 15.5;
				MTL_ENABLE_DEBUG_INFO = INCLUDE_SOURCE;
				MTL_FAST_MATH = YES;
				ONLY_ACTIVE_ARCH = YES;
				SDKROOT = iphoneos;
				SWIFT_ACTIVE_COMPILATION_CONDITIONS = DEBUG;
				SWIFT_OPTIMIZATION_LEVEL = "-Onone";
			};
			name = Debug;
		};
		96EDFACC292F60090032C19D /* Release */ = {
			isa = XCBuildConfiguration;
			buildSettings = {
				ALWAYS_SEARCH_USER_PATHS = NO;
				CLANG_ANALYZER_NONNULL = YES;
				CLANG_ANALYZER_NUMBER_OBJECT_CONVERSION = YES_AGGRESSIVE;
				CLANG_CXX_LANGUAGE_STANDARD = "gnu++17";
				CLANG_ENABLE_MODULES = YES;
				CLANG_ENABLE_OBJC_ARC = YES;
				CLANG_ENABLE_OBJC_WEAK = YES;
				CLANG_WARN_BLOCK_CAPTURE_AUTORELEASING = YES;
				CLANG_WARN_BOOL_CONVERSION = YES;
				CLANG_WARN_COMMA = YES;
				CLANG_WARN_CONSTANT_CONVERSION = YES;
				CLANG_WARN_DEPRECATED_OBJC_IMPLEMENTATIONS = YES;
				CLANG_WARN_DIRECT_OBJC_ISA_USAGE = YES_ERROR;
				CLANG_WARN_DOCUMENTATION_COMMENTS = YES;
				CLANG_WARN_EMPTY_BODY = YES;
				CLANG_WARN_ENUM_CONVERSION = YES;
				CLANG_WARN_INFINITE_RECURSION = YES;
				CLANG_WARN_INT_CONVERSION = YES;
				CLANG_WARN_NON_LITERAL_NULL_CONVERSION = YES;
				CLANG_WARN_OBJC_IMPLICIT_RETAIN_SELF = YES;
				CLANG_WARN_OBJC_LITERAL_CONVERSION = YES;
				CLANG_WARN_OBJC_ROOT_CLASS = YES_ERROR;
				CLANG_WARN_QUOTED_INCLUDE_IN_FRAMEWORK_HEADER = YES;
				CLANG_WARN_RANGE_LOOP_ANALYSIS = YES;
				CLANG_WARN_STRICT_PROTOTYPES = YES;
				CLANG_WARN_SUSPICIOUS_MOVE = YES;
				CLANG_WARN_UNGUARDED_AVAILABILITY = YES_AGGRESSIVE;
				CLANG_WARN_UNREACHABLE_CODE = YES;
				CLANG_WARN__DUPLICATE_METHOD_MATCH = YES;
				COPY_PHASE_STRIP = NO;
				DEBUG_INFORMATION_FORMAT = "dwarf-with-dsym";
				ENABLE_NS_ASSERTIONS = NO;
				ENABLE_STRICT_OBJC_MSGSEND = YES;
				GCC_C_LANGUAGE_STANDARD = gnu11;
				GCC_NO_COMMON_BLOCKS = YES;
				GCC_WARN_64_TO_32_BIT_CONVERSION = YES;
				GCC_WARN_ABOUT_RETURN_TYPE = YES_ERROR;
				GCC_WARN_UNDECLARED_SELECTOR = YES;
				GCC_WARN_UNINITIALIZED_AUTOS = YES_AGGRESSIVE;
				GCC_WARN_UNUSED_FUNCTION = YES;
				GCC_WARN_UNUSED_VARIABLE = YES;
				IPHONEOS_DEPLOYMENT_TARGET = 15.5;
				MTL_ENABLE_DEBUG_INFO = NO;
				MTL_FAST_MATH = YES;
				SDKROOT = iphoneos;
				SWIFT_COMPILATION_MODE = wholemodule;
				SWIFT_OPTIMIZATION_LEVEL = "-O";
				VALIDATE_PRODUCT = YES;
			};
			name = Release;
		};
		96EDFACE292F60090032C19D /* Debug */ = {
			isa = XCBuildConfiguration;
			buildSettings = {
				ASSETCATALOG_COMPILER_APPICON_NAME = AppIcon;
				ASSETCATALOG_COMPILER_GLOBAL_ACCENT_COLOR_NAME = AccentColor;
				CODE_SIGN_STYLE = Automatic;
				CURRENT_PROJECT_VERSION = 1;
				GENERATE_INFOPLIST_FILE = YES;
				INFOPLIST_FILE = CoreDataSample/Info.plist;
				INFOPLIST_KEY_UIApplicationSupportsIndirectInputEvents = YES;
				INFOPLIST_KEY_UILaunchStoryboardName = LaunchScreen;
				INFOPLIST_KEY_UIMainStoryboardFile = Main;
				INFOPLIST_KEY_UISupportedInterfaceOrientations_iPad = "UIInterfaceOrientationPortrait UIInterfaceOrientationPortraitUpsideDown UIInterfaceOrientationLandscapeLeft UIInterfaceOrientationLandscapeRight";
				INFOPLIST_KEY_UISupportedInterfaceOrientations_iPhone = "UIInterfaceOrientationPortrait UIInterfaceOrientationLandscapeLeft UIInterfaceOrientationLandscapeRight";
				LD_RUNPATH_SEARCH_PATHS = (
					"$(inherited)",
					"@executable_path/Frameworks",
				);
				MARKETING_VERSION = 1.0;
				PRODUCT_BUNDLE_IDENTIFIER = Siril.CoreDataSample;
				PRODUCT_NAME = "$(TARGET_NAME)";
				SWIFT_EMIT_LOC_STRINGS = YES;
				SWIFT_VERSION = 5.0;
				TARGETED_DEVICE_FAMILY = "1,2";
			};
			name = Debug;
		};
		96EDFACF292F60090032C19D /* Release */ = {
			isa = XCBuildConfiguration;
			buildSettings = {
				ASSETCATALOG_COMPILER_APPICON_NAME = AppIcon;
				ASSETCATALOG_COMPILER_GLOBAL_ACCENT_COLOR_NAME = AccentColor;
				CODE_SIGN_STYLE = Automatic;
				CURRENT_PROJECT_VERSION = 1;
				GENERATE_INFOPLIST_FILE = YES;
				INFOPLIST_FILE = CoreDataSample/Info.plist;
				INFOPLIST_KEY_UIApplicationSupportsIndirectInputEvents = YES;
				INFOPLIST_KEY_UILaunchStoryboardName = LaunchScreen;
				INFOPLIST_KEY_UIMainStoryboardFile = Main;
				INFOPLIST_KEY_UISupportedInterfaceOrientations_iPad = "UIInterfaceOrientationPortrait UIInterfaceOrientationPortraitUpsideDown UIInterfaceOrientationLandscapeLeft UIInterfaceOrientationLandscapeRight";
				INFOPLIST_KEY_UISupportedInterfaceOrientations_iPhone = "UIInterfaceOrientationPortrait UIInterfaceOrientationLandscapeLeft UIInterfaceOrientationLandscapeRight";
				LD_RUNPATH_SEARCH_PATHS = (
					"$(inherited)",
					"@executable_path/Frameworks",
				);
				MARKETING_VERSION = 1.0;
				PRODUCT_BUNDLE_IDENTIFIER = Siril.CoreDataSample;
				PRODUCT_NAME = "$(TARGET_NAME)";
				SWIFT_EMIT_LOC_STRINGS = YES;
				SWIFT_VERSION = 5.0;
				TARGETED_DEVICE_FAMILY = "1,2";
			};
			name = Release;
		};
		96EDFAD1292F60090032C19D /* Debug */ = {
			isa = XCBuildConfiguration;
			buildSettings = {
				ALWAYS_EMBED_SWIFT_STANDARD_LIBRARIES = YES;
				BUNDLE_LOADER = "$(TEST_HOST)";
				CODE_SIGN_STYLE = Automatic;
				CURRENT_PROJECT_VERSION = 1;
				GENERATE_INFOPLIST_FILE = YES;
				IPHONEOS_DEPLOYMENT_TARGET = 15.5;
				MARKETING_VERSION = 1.0;
				PRODUCT_BUNDLE_IDENTIFIER = Siril.CoreDataSampleTests;
				PRODUCT_NAME = "$(TARGET_NAME)";
				SWIFT_EMIT_LOC_STRINGS = NO;
				SWIFT_VERSION = 5.0;
				TARGETED_DEVICE_FAMILY = "1,2";
				TEST_HOST = "$(BUILT_PRODUCTS_DIR)/CoreDataSample.app/CoreDataSample";
			};
			name = Debug;
		};
		96EDFAD2292F60090032C19D /* Release */ = {
			isa = XCBuildConfiguration;
			buildSettings = {
				ALWAYS_EMBED_SWIFT_STANDARD_LIBRARIES = YES;
				BUNDLE_LOADER = "$(TEST_HOST)";
				CODE_SIGN_STYLE = Automatic;
				CURRENT_PROJECT_VERSION = 1;
				GENERATE_INFOPLIST_FILE = YES;
				IPHONEOS_DEPLOYMENT_TARGET = 15.5;
				MARKETING_VERSION = 1.0;
				PRODUCT_BUNDLE_IDENTIFIER = Siril.CoreDataSampleTests;
				PRODUCT_NAME = "$(TARGET_NAME)";
				SWIFT_EMIT_LOC_STRINGS = NO;
				SWIFT_VERSION = 5.0;
				TARGETED_DEVICE_FAMILY = "1,2";
				TEST_HOST = "$(BUILT_PRODUCTS_DIR)/CoreDataSample.app/CoreDataSample";
			};
			name = Release;
		};
		96EDFAD4292F60090032C19D /* Debug */ = {
			isa = XCBuildConfiguration;
			buildSettings = {
				ALWAYS_EMBED_SWIFT_STANDARD_LIBRARIES = YES;
				CODE_SIGN_STYLE = Automatic;
				CURRENT_PROJECT_VERSION = 1;
				GENERATE_INFOPLIST_FILE = YES;
				MARKETING_VERSION = 1.0;
				PRODUCT_BUNDLE_IDENTIFIER = Siril.CoreDataSampleUITests;
				PRODUCT_NAME = "$(TARGET_NAME)";
				SWIFT_EMIT_LOC_STRINGS = NO;
				SWIFT_VERSION = 5.0;
				TARGETED_DEVICE_FAMILY = "1,2";
				TEST_TARGET_NAME = CoreDataSample;
			};
			name = Debug;
		};
		96EDFAD5292F60090032C19D /* Release */ = {
			isa = XCBuildConfiguration;
			buildSettings = {
				ALWAYS_EMBED_SWIFT_STANDARD_LIBRARIES = YES;
				CODE_SIGN_STYLE = Automatic;
				CURRENT_PROJECT_VERSION = 1;
				GENERATE_INFOPLIST_FILE = YES;
				MARKETING_VERSION = 1.0;
				PRODUCT_BUNDLE_IDENTIFIER = Siril.CoreDataSampleUITests;
				PRODUCT_NAME = "$(TARGET_NAME)";
				SWIFT_EMIT_LOC_STRINGS = NO;
				SWIFT_VERSION = 5.0;
				TARGETED_DEVICE_FAMILY = "1,2";
				TEST_TARGET_NAME = CoreDataSample;
			};
			name = Release;
		};
/* End XCBuildConfiguration section */

/* Begin XCConfigurationList section */
		96EDFA9B292F60060032C19D /* Build configuration list for PBXProject "CoreDataSample" */ = {
			isa = XCConfigurationList;
			buildConfigurations = (
				96EDFACB292F60090032C19D /* Debug */,
				96EDFACC292F60090032C19D /* Release */,
			);
			defaultConfigurationIsVisible = 0;
			defaultConfigurationName = Release;
		};
		96EDFACD292F60090032C19D /* Build configuration list for PBXNativeTarget "CoreDataSample" */ = {
			isa = XCConfigurationList;
			buildConfigurations = (
				96EDFACE292F60090032C19D /* Debug */,
				96EDFACF292F60090032C19D /* Release */,
			);
			defaultConfigurationIsVisible = 0;
			defaultConfigurationName = Release;
		};
		96EDFAD0292F60090032C19D /* Build configuration list for PBXNativeTarget "CoreDataSampleTests" */ = {
			isa = XCConfigurationList;
			buildConfigurations = (
				96EDFAD1292F60090032C19D /* Debug */,
				96EDFAD2292F60090032C19D /* Release */,
			);
			defaultConfigurationIsVisible = 0;
			defaultConfigurationName = Release;
		};
		96EDFAD3292F60090032C19D /* Build configuration list for PBXNativeTarget "CoreDataSampleUITests" */ = {
			isa = XCConfigurationList;
			buildConfigurations = (
				96EDFAD4292F60090032C19D /* Debug */,
				96EDFAD5292F60090032C19D /* Release */,
			);
			defaultConfigurationIsVisible = 0;
			defaultConfigurationName = Release;
		};
/* End XCConfigurationList section */

/* Begin XCVersionGroup section */
		96EDFAAC292F60060032C19D /* CoreDataSample.xcdatamodeld */ = {
			isa = XCVersionGroup;
			children = (
				96EDFAAD292F60060032C19D /* CoreDataSample.xcdatamodel */,
			);
			currentVersion = 96EDFAAD292F60060032C19D /* CoreDataSample.xcdatamodel */;
			path = CoreDataSample.xcdatamodeld;
			sourceTree = "<group>";
			versionGroupType = wrapper.xcdatamodel;
		};
/* End XCVersionGroup section */
	};
	rootObject = 96EDFA98292F60060032C19D /* Project object */;
}
